<?xml version="1.0" encoding="utf-8"?>
<Project ToolsVersion="4.0" xmlns="http://schemas.microsoft.com/developer/msbuild/2003">
  <ItemGroup>
    <Filter Include="소스 파일">
      <UniqueIdentifier>{4FC737F1-C7A5-4376-A066-2A32D752A2FF}</UniqueIdentifier>
      <Extensions>cpp;c;cc;cxx;c++;cppm;ixx;def;odl;idl;hpj;bat;asm;asmx</Extensions>
    </Filter>
    <Filter Include="헤더 파일">
      <UniqueIdentifier>{93995380-89BD-4b04-88EB-625FBE52EBFB}</UniqueIdentifier>
      <Extensions>h;hh;hpp;hxx;h++;hm;inl;inc;ipp;xsd</Extensions>
    </Filter>
    <Filter Include="리소스 파일">
      <UniqueIdentifier>{67DA6AB6-F800-4c08-8B7A-83BB121AAD01}</UniqueIdentifier>
      <Extensions>rc;ico;cur;bmp;dlg;rc2;rct;bin;rgs;gif;jpg;jpeg;jpe;resx;tiff;tif;png;wav;mfcribbon-ms</Extensions>
    </Filter>
    <Filter Include="소스 파일\Helper">
      <UniqueIdentifier>{210de0ea-07a8-4b1d-a509-54dafbac60c4}</UniqueIdentifier>
    </Filter>
    <Filter Include="헤더 파일\Helper">
      <UniqueIdentifier>{b733ca66-f91f-4bc2-8d66-94de710bdf70}</UniqueIdentifier>
    </Filter>
  </ItemGroup>
  <ItemGroup>
    <ClCompile Include="..\..\Common\DDSTextureLoader.cpp">
      <Filter>소스 파일\Helper</Filter>
    </ClCompile>
    <ClCompile Include="..\..\Common\myd3dApp.cpp">
      <Filter>소스 파일\Helper</Filter>
    </ClCompile>
    <ClCompile Include="..\..\Common\myd3dUtil.cpp">
      <Filter>소스 파일\Helper</Filter>
    </ClCompile>
    <ClCompile Include="..\..\Common\myFrameResource.cpp">
      <Filter>소스 파일\Helper</Filter>
    </ClCompile>
    <ClCompile Include="..\..\Common\myGameTimer.cpp">
      <Filter>소스 파일\Helper</Filter>
    </ClCompile>
    <ClCompile Include="..\..\Common\myGeometryGenerator.cpp">
      <Filter>소스 파일\Helper</Filter>
    </ClCompile>
    <ClCompile Include="..\..\Common\myMathHelper.cpp">
      <Filter>소스 파일\Helper</Filter>
    </ClCompile>
    <ClCompile Include="Ex 11-11.cpp">
      <Filter>소스 파일</Filter>
    </ClCompile>
  </ItemGroup>
  <ItemGroup>
    <ClInclude Include="..\..\Common\DDSTextureLoader.h">
      <Filter>헤더 파일\Helper</Filter>
    </ClInclude>
    <ClInclude Include="..\..\Common\mybasewin.h">
      <Filter>헤더 파일\Helper</Filter>
    </ClInclude>
    <ClInclude Include="..\..\Common\myd3dApp.h">
      <Filter>헤더 파일\Helper</Filter>
    </ClInclude>
    <ClInclude Include="..\..\Common\myd3dUtil.h">
      <Filter>헤더 파일\Helper</Filter>
    </ClInclude>
    <ClInclude Include="..\..\Common\myFrameResource.h">
      <Filter>헤더 파일\Helper</Filter>
    </ClInclude>
    <ClInclude Include="..\..\Common\myGameTimer.h">
      <Filter>헤더 파일\Helper</Filter>
    </ClInclude>
    <ClInclude Include="..\..\Common\myGeometryGenerator.h">
      <Filter>헤더 파일\Helper</Filter>
    </ClInclude>
    <ClInclude Include="..\..\Common\myMathHelper.h">
      <Filter>헤더 파일\Helper</Filter>
    </ClInclude>
    <ClInclude Include="..\..\Common\myUploadBuffer.h">
      <Filter>헤더 파일\Helper</Filter>
    </ClInclude>
    <ClInclude Include="Ex 11-11.h">
      <Filter>헤더 파일</Filter>
    </ClInclude>
  </ItemGroup>
</Project>