
Microsoft Visual Studio Solution File, Format Version 12.00
# Visual Studio Version 16
VisualStudioVersion = 16.0.31321.278
MinimumVisualStudioVersion = 10.0.40219.1
Project("{8BC9CEB8-8B4A-11D0-8D11-00A0C91BC942}") = "DX12App", "DX12App\DX12App.vcxproj", "{7344FB2A-E919-40F7-AC10-48C782CCF275}"
EndProject
Project("{8BC9CEB8-8B4A-11D0-8D11-00A0C91BC942}") = "DX12Common", "DX12Common\DX12Common.vcxproj", "{C34C62F3-AF23-4908-B847-B2CCE8BA18CD}"
EndProject
Global
	GlobalSection(SolutionConfigurationPlatforms) = preSolution
		Debug|x64 = Debug|x64
		Debug|x86 = Debug|x86
		Release|x64 = Release|x64
		Release|x86 = Release|x86
	EndGlobalSection
	GlobalSection(ProjectConfigurationPlatforms) = postSolution
		{7344FB2A-E919-40F7-AC10-48C782CCF275}.Debug|x64.ActiveCfg = Debug|x64
		{7344FB2A-E919-40F7-AC10-48C782CCF275}.Debug|x64.Build.0 = Debug|x64
		{7344FB2A-E919-40F7-AC10-48C782CCF275}.Debug|x86.ActiveCfg = Debug|Win32
		{7344FB2A-E919-40F7-AC10-48C782CCF275}.Debug|x86.Build.0 = Debug|Win32
		{7344FB2A-E919-40F7-AC10-48C782CCF275}.Release|x64.ActiveCfg = Release|x64
		{7344FB2A-E919-40F7-AC10-48C782CCF275}.Release|x64.Build.0 = Release|x64
		{7344FB2A-E919-40F7-AC10-48C782CCF275}.Release|x86.ActiveCfg = Release|Win32
		{7344FB2A-E919-40F7-AC10-48C782CCF275}.Release|x86.Build.0 = Release|Win32
		{C34C62F3-AF23-4908-B847-B2CCE8BA18CD}.Debug|x64.ActiveCfg = Debug|x64
		{C34C62F3-AF23-4908-B847-B2CCE8BA18CD}.Debug|x64.Build.0 = Debug|x64
		{C34C62F3-AF23-4908-B847-B2CCE8BA18CD}.Debug|x86.ActiveCfg = Debug|Win32
		{C34C62F3-AF23-4908-B847-B2CCE8BA18CD}.Debug|x86.Build.0 = Debug|Win32
		{C34C62F3-AF23-4908-B847-B2CCE8BA18CD}.Release|x64.ActiveCfg = Release|x64
		{C34C62F3-AF23-4908-B847-B2CCE8BA18CD}.Release|x64.Build.0 = Release|x64
		{C34C62F3-AF23-4908-B847-B2CCE8BA18CD}.Release|x86.ActiveCfg = Release|Win32
		{C34C62F3-AF23-4908-B847-B2CCE8BA18CD}.Release|x86.Build.0 = Release|Win32
	EndGlobalSection
	GlobalSection(SolutionProperties) = preSolution
		HideSolutionNode = FALSE
	EndGlobalSection
	GlobalSection(ExtensibilityGlobals) = postSolution
		SolutionGuid = {4B29689A-B90F-4BA5-940E-CAC4C40201CA}
	EndGlobalSection
EndGlobal
