<?xml version="1.0" encoding="utf-8"?>
<Project ToolsVersion="4.0" xmlns="http://schemas.microsoft.com/developer/msbuild/2003">
  <ItemGroup>
    <Filter Include="소스 파일">
      <UniqueIdentifier>{4FC737F1-C7A5-4376-A066-2A32D752A2FF}</UniqueIdentifier>
      <Extensions>cpp;c;cc;cxx;c++;cppm;ixx;def;odl;idl;hpj;bat;asm;asmx</Extensions>
    </Filter>
    <Filter Include="헤더 파일">
      <UniqueIdentifier>{93995380-89BD-4b04-88EB-625FBE52EBFB}</UniqueIdentifier>
      <Extensions>h;hh;hpp;hxx;h++;hm;inl;inc;ipp;xsd</Extensions>
    </Filter>
    <Filter Include="리소스 파일">
      <UniqueIdentifier>{67DA6AB6-F800-4c08-8B7A-83BB121AAD01}</UniqueIdentifier>
      <Extensions>rc;ico;cur;bmp;dlg;rc2;rct;bin;rgs;gif;jpg;jpeg;jpe;resx;tiff;tif;png;wav;mfcribbon-ms</Extensions>
    </Filter>
    <Filter Include="헤더 파일\Helper">
      <UniqueIdentifier>{f71e3892-8abe-4742-853a-7ff3a438acd0}</UniqueIdentifier>
    </Filter>
    <Filter Include="소스 파일\Helper">
      <UniqueIdentifier>{bc5629bc-a220-47ff-ae24-559e3d905bc1}</UniqueIdentifier>
    </Filter>
  </ItemGroup>
  <ItemGroup>
    <ClCompile Include="camera.cpp">
      <Filter>소스 파일</Filter>
    </ClCompile>
    <ClCompile Include="gameFramework.cpp">
      <Filter>소스 파일</Filter>
    </ClCompile>
    <ClCompile Include="gameObject.cpp">
      <Filter>소스 파일</Filter>
    </ClCompile>
    <ClCompile Include="gameScene.cpp">
      <Filter>소스 파일</Filter>
    </ClCompile>
    <ClCompile Include="heightMapImage.cpp">
      <Filter>소스 파일</Filter>
    </ClCompile>
    <ClCompile Include="main.cpp">
      <Filter>소스 파일</Filter>
    </ClCompile>
    <ClCompile Include="mesh.cpp">
      <Filter>소스 파일</Filter>
    </ClCompile>
    <ClCompile Include="pipeline.cpp">
      <Filter>소스 파일</Filter>
    </ClCompile>
    <ClCompile Include="player.cpp">
      <Filter>소스 파일</Filter>
    </ClCompile>
    <ClCompile Include="shader.cpp">
      <Filter>소스 파일</Filter>
    </ClCompile>
    <ClCompile Include="texture.cpp">
      <Filter>소스 파일</Filter>
    </ClCompile>
    <ClCompile Include="dynamicCubeRenderer.cpp">
      <Filter>소스 파일</Filter>
    </ClCompile>
    <ClCompile Include="d3dFramework.cpp">
      <Filter>소스 파일</Filter>
    </ClCompile>
    <ClCompile Include="DDSTextureLoader12.cpp">
      <Filter>소스 파일\Helper</Filter>
    </ClCompile>
    <ClCompile Include="dxException.cpp">
      <Filter>소스 파일\Helper</Filter>
    </ClCompile>
    <ClCompile Include="gameTimer.cpp">
      <Filter>소스 파일\Helper</Filter>
    </ClCompile>
    <ClCompile Include="stdafx.cpp">
      <Filter>소스 파일\Helper</Filter>
    </ClCompile>
    <ClCompile Include="shadowMapRenderer.cpp">
      <Filter>소스 파일</Filter>
    </ClCompile>
  </ItemGroup>
  <ItemGroup>
    <ClInclude Include="camera.h">
      <Filter>헤더 파일</Filter>
    </ClInclude>
    <ClInclude Include="gameFramework.h">
      <Filter>헤더 파일</Filter>
    </ClInclude>
    <ClInclude Include="gameObject.h">
      <Filter>헤더 파일</Filter>
    </ClInclude>
    <ClInclude Include="gameScene.h">
      <Filter>헤더 파일</Filter>
    </ClInclude>
    <ClInclude Include="heightMapImage.h">
      <Filter>헤더 파일</Filter>
    </ClInclude>
    <ClInclude Include="mesh.h">
      <Filter>헤더 파일</Filter>
    </ClInclude>
    <ClInclude Include="pipeline.h">
      <Filter>헤더 파일</Filter>
    </ClInclude>
    <ClInclude Include="player.h">
      <Filter>헤더 파일</Filter>
    </ClInclude>
    <ClInclude Include="shader.h">
      <Filter>헤더 파일</Filter>
    </ClInclude>
    <ClInclude Include="texture.h">
      <Filter>헤더 파일</Filter>
    </ClInclude>
    <ClInclude Include="vertex.h">
      <Filter>헤더 파일</Filter>
    </ClInclude>
    <ClInclude Include="dynamicCubeRenderer.h">
      <Filter>헤더 파일</Filter>
    </ClInclude>
    <ClInclude Include="d3dFramework.h">
      <Filter>헤더 파일</Filter>
    </ClInclude>
    <ClInclude Include="basewin.h">
      <Filter>헤더 파일\Helper</Filter>
    </ClInclude>
    <ClInclude Include="constantBuffer.h">
      <Filter>헤더 파일\Helper</Filter>
    </ClInclude>
    <ClInclude Include="d3dExtension.h">
      <Filter>헤더 파일\Helper</Filter>
    </ClInclude>
    <ClInclude Include="DDSTextureLoader12.h">
      <Filter>헤더 파일\Helper</Filter>
    </ClInclude>
    <ClInclude Include="stdafx.h">
      <Filter>헤더 파일\Helper</Filter>
    </ClInclude>
    <ClInclude Include="dxException.h">
      <Filter>헤더 파일\Helper</Filter>
    </ClInclude>
    <ClInclude Include="gameTimer.h">
      <Filter>헤더 파일\Helper</Filter>
    </ClInclude>
    <ClInclude Include="shadowMapRenderer.h">
      <Filter>헤더 파일</Filter>
    </ClInclude>
  </ItemGroup>
  <ItemGroup>
    <None Include="Shaders\skybox.hlsl">
      <Filter>리소스 파일</Filter>
    </None>
    <None Include="Shaders\lighting.hlsl">
      <Filter>리소스 파일</Filter>
    </None>
    <None Include="Shaders\normalmap.hlsl">
      <Filter>리소스 파일</Filter>
    </None>
    <None Include="Shaders\terrain.hlsl">
      <Filter>리소스 파일</Filter>
    </None>
    <None Include="Shaders\billboard.hlsl">
      <Filter>리소스 파일</Filter>
    </None>
    <None Include="Shaders\cubemap.hlsl">
      <Filter>리소스 파일</Filter>
    </None>
    <None Include="Shaders\common.hlsl">
      <Filter>리소스 파일</Filter>
    </None>
    <None Include="Shaders\default.hlsl">
      <Filter>리소스 파일</Filter>
    </None>
    <None Include="Shaders\shadow.hlsl">
      <Filter>리소스 파일</Filter>
    </None>
    <None Include="Shaders\shadowDebug.hlsl">
      <Filter>리소스 파일</Filter>
    </None>
    <None Include="Shaders\blur.hlsl">
      <Filter>리소스 파일</Filter>
    </None>
  </ItemGroup>
</Project>