
Microsoft Visual Studio Solution File, Format Version 12.00
# Visual Studio Version 16
VisualStudioVersion = 16.0.30621.155
MinimumVisualStudioVersion = 10.0.40219.1
Project("{8BC9CEB8-8B4A-11D0-8D11-00A0C91BC942}") = "Ex 11-7", "Ex 11-7.vcxproj", "{CD412E48-5671-4219-827F-BFED34C8B5BF}"
EndProject
Global
	GlobalSection(SolutionConfigurationPlatforms) = preSolution
		Debug|x64 = Debug|x64
		Debug|x86 = Debug|x86
		Release|x64 = Release|x64
		Release|x86 = Release|x86
	EndGlobalSection
	GlobalSection(ProjectConfigurationPlatforms) = postSolution
		{CD412E48-5671-4219-827F-BFED34C8B5BF}.Debug|x64.ActiveCfg = Debug|x64
		{CD412E48-5671-4219-827F-BFED34C8B5BF}.Debug|x64.Build.0 = Debug|x64
		{CD412E48-5671-4219-827F-BFED34C8B5BF}.Debug|x86.ActiveCfg = Debug|Win32
		{CD412E48-5671-4219-827F-BFED34C8B5BF}.Debug|x86.Build.0 = Debug|Win32
		{CD412E48-5671-4219-827F-BFED34C8B5BF}.Release|x64.ActiveCfg = Release|x64
		{CD412E48-5671-4219-827F-BFED34C8B5BF}.Release|x64.Build.0 = Release|x64
		{CD412E48-5671-4219-827F-BFED34C8B5BF}.Release|x86.ActiveCfg = Release|Win32
		{CD412E48-5671-4219-827F-BFED34C8B5BF}.Release|x86.Build.0 = Release|Win32
	EndGlobalSection
	GlobalSection(SolutionProperties) = preSolution
		HideSolutionNode = FALSE
	EndGlobalSection
	GlobalSection(ExtensibilityGlobals) = postSolution
		SolutionGuid = {4AC57935-0A4B-4359-B788-D41982C88AB6}
	EndGlobalSection
EndGlobal
